
Microsoft Visual Studio Solution File, Format Version 12.00
# Visual Studio Version 17
VisualStudioVersion = 17.14.36203.30 d17.14
MinimumVisualStudioVersion = 10.0.40219.1
Project("{FAE04EC0-301F-11D3-BF4B-00C04F79EFBC}") = "Lab5_AC_1195025", "Lab5_AC_1195025\Lab5_AC_1195025.csproj", "{BD0CC9B6-8B7E-4772-81AE-9670CF2314D9}"
EndProject
Global
	GlobalSection(SolutionConfigurationPlatforms) = preSolution
		Debug|Any CPU = Debug|Any CPU
		Release|Any CPU = Release|Any CPU
	EndGlobalSection
	GlobalSection(ProjectConfigurationPlatforms) = postSolution
		{BD0CC9B6-8B7E-4772-81AE-9670CF2314D9}.Debug|Any CPU.ActiveCfg = Debug|Any CPU
		{BD0CC9B6-8B7E-4772-81AE-9670CF2314D9}.Debug|Any CPU.Build.0 = Debug|Any CPU
		{BD0CC9B6-8B7E-4772-81AE-9670CF2314D9}.Release|Any CPU.ActiveCfg = Release|Any CPU
		{BD0CC9B6-8B7E-4772-81AE-9670CF2314D9}.Release|Any CPU.Build.0 = Release|Any CPU
	EndGlobalSection
	GlobalSection(SolutionProperties) = preSolution
		HideSolutionNode = FALSE
	EndGlobalSection
	GlobalSection(ExtensibilityGlobals) = postSolution
		SolutionGuid = {F60C2468-9D42-4135-9F3A-041B85BF0927}
	EndGlobalSection
EndGlobal
