
Microsoft Visual Studio Solution File, Format Version 12.00
# Visual Studio Version 17
VisualStudioVersion = 17.14.36203.30 d17.14
MinimumVisualStudioVersion = 10.0.40219.1
Project("{FAE04EC0-301F-11D3-BF4B-00C04F79EFBC}") = "Lab_6_AC_1195025", "Lab_6_AC_1195025\Lab_6_AC_1195025.csproj", "{957F86E5-0D83-4AD5-9C0B-3A064B6F7103}"
EndProject
Global
	GlobalSection(SolutionConfigurationPlatforms) = preSolution
		Debug|Any CPU = Debug|Any CPU
		Release|Any CPU = Release|Any CPU
	EndGlobalSection
	GlobalSection(ProjectConfigurationPlatforms) = postSolution
		{957F86E5-0D83-4AD5-9C0B-3A064B6F7103}.Debug|Any CPU.ActiveCfg = Debug|Any CPU
		{957F86E5-0D83-4AD5-9C0B-3A064B6F7103}.Debug|Any CPU.Build.0 = Debug|Any CPU
		{957F86E5-0D83-4AD5-9C0B-3A064B6F7103}.Release|Any CPU.ActiveCfg = Release|Any CPU
		{957F86E5-0D83-4AD5-9C0B-3A064B6F7103}.Release|Any CPU.Build.0 = Release|Any CPU
	EndGlobalSection
	GlobalSection(SolutionProperties) = preSolution
		HideSolutionNode = FALSE
	EndGlobalSection
	GlobalSection(ExtensibilityGlobals) = postSolution
		SolutionGuid = {BAE385C4-67EB-4E7C-BA18-25EFA9C523DB}
	EndGlobalSection
EndGlobal
